
Microsoft Visual Studio Solution File, Format Version 12.00
# Visual Studio 14
VisualStudioVersion = 14.0.24720.0
MinimumVisualStudioVersion = 10.0.40219.1
Project("{FAE04EC0-301F-11D3-BF4B-00C04F79EFBC}") = "BD - Project", "BD - Project.csproj", "{2B866F28-382A-4C04-9816-6F89591240FF}"
EndProject
Global
	GlobalSection(SolutionConfigurationPlatforms) = preSolution
		Debug|Any CPU = Debug|Any CPU
		Release|Any CPU = Release|Any CPU
	EndGlobalSection
	GlobalSection(ProjectConfigurationPlatforms) = postSolution
		{2B866F28-382A-4C04-9816-6F89591240FF}.Debug|Any CPU.ActiveCfg = Debug|Any CPU
		{2B866F28-382A-4C04-9816-6F89591240FF}.Debug|Any CPU.Build.0 = Debug|Any CPU
		{2B866F28-382A-4C04-9816-6F89591240FF}.Release|Any CPU.ActiveCfg = Release|Any CPU
		{2B866F28-382A-4C04-9816-6F89591240FF}.Release|Any CPU.Build.0 = Release|Any CPU
	EndGlobalSection
	GlobalSection(SolutionProperties) = preSolution
		HideSolutionNode = FALSE
	EndGlobalSection
EndGlobal
